<?xml version="1.0" encoding="utf-8"?>
<Project ToolsVersion="4.0" xmlns="http://schemas.microsoft.com/developer/msbuild/2003">
  <ItemGroup>
    <ClCompile Include="baseFeatures.cpp" />
    <ClCompile Include="pch.cpp" />
    <ClCompile Include="serialization.cpp" />
    <ClCompile Include="extensibility.cpp" />
    <ClCompile Include="json-support.cpp" />
    <ClCompile Include="generated-files\check-oneof.pb.cc">
      <Filter>protoSources</Filter>
    </ClCompile>
    <ClCompile Include="generated-files\person.pb.cc">
      <Filter>protoSources</Filter>
    </ClCompile>
  </ItemGroup>
  <ItemGroup>
    <ClInclude Include="pch.h" />
    <ClInclude Include="generated-files\person.pb.h">
      <Filter>protoHeaders</Filter>
    </ClInclude>
    <ClInclude Include="generated-files\check-oneof.pb.h">
      <Filter>protoHeaders</Filter>
    </ClInclude>
  </ItemGroup>
  <ItemGroup>
    <None Include="packages.config" />
    <None Include="protos\person.proto" />
  </ItemGroup>
  <ItemGroup>
    <Filter Include="protoHeaders">
      <UniqueIdentifier>{d79dbe47-4bd6-4f69-b2aa-243409294da9}</UniqueIdentifier>
    </Filter>
    <Filter Include="protoSources">
      <UniqueIdentifier>{276c1859-2b44-4adf-8a02-826266224252}</UniqueIdentifier>
    </Filter>
  </ItemGroup>
</Project>